
Microsoft Visual Studio Solution File, Format Version 12.00
# Visual Studio Version 16
VisualStudioVersion = 16.0.29613.14
MinimumVisualStudioVersion = 10.0.40219.1
Project("{FAE04EC0-301F-11D3-BF4B-00C04F79EFBC}") = "LOVAD_Xamarin.UWP", "LOVAD_Xamarin\LOVAD_Xamarin.UWP\LOVAD_Xamarin.UWP.csproj", "{93892F56-DE47-4FFF-A5DA-1CF9E6FAE075}"
EndProject
Project("{FAE04EC0-301F-11D3-BF4B-00C04F79EFBC}") = "LOVAD_Xamarin.Android", "LOVAD_Xamarin\LOVAD_Xamarin.Android\LOVAD_Xamarin.Android.csproj", "{FA367C3B-9034-4E72-B300-1709CA047A24}"
EndProject
Project("{FAE04EC0-301F-11D3-BF4B-00C04F79EFBC}") = "LOVAD_Xamarin.iOS", "LOVAD_Xamarin\LOVAD_Xamarin.iOS\LOVAD_Xamarin.iOS.csproj", "{FA83DB64-B758-4D9C-9F2C-978E435EF56A}"
EndProject
Project("{9A19103F-16F7-4668-BE54-9A1E7A4F7556}") = "LOVAD_Xamarin", "LOVAD_Xamarin\LOVAD_Xamarin\LOVAD_Xamarin.csproj", "{B3F38506-0CB6-4681-B5E4-C358A34A3BB2}"
EndProject
Global
	GlobalSection(SolutionConfigurationPlatforms) = preSolution
		Debug|Any CPU = Debug|Any CPU
		Debug|ARM = Debug|ARM
		Debug|iPhone = Debug|iPhone
		Debug|iPhoneSimulator = Debug|iPhoneSimulator
		Debug|x64 = Debug|x64
		Debug|x86 = Debug|x86
		Release|Any CPU = Release|Any CPU
		Release|ARM = Release|ARM
		Release|iPhone = Release|iPhone
		Release|iPhoneSimulator = Release|iPhoneSimulator
		Release|x64 = Release|x64
		Release|x86 = Release|x86
	EndGlobalSection
	GlobalSection(ProjectConfigurationPlatforms) = postSolution
		{93892F56-DE47-4FFF-A5DA-1CF9E6FAE075}.Debug|Any CPU.ActiveCfg = Debug|x86
		{93892F56-DE47-4FFF-A5DA-1CF9E6FAE075}.Debug|Any CPU.Build.0 = Debug|x86
		{93892F56-DE47-4FFF-A5DA-1CF9E6FAE075}.Debug|Any CPU.Deploy.0 = Debug|x86
		{93892F56-DE47-4FFF-A5DA-1CF9E6FAE075}.Debug|ARM.ActiveCfg = Debug|ARM
		{93892F56-DE47-4FFF-A5DA-1CF9E6FAE075}.Debug|ARM.Build.0 = Debug|ARM
		{93892F56-DE47-4FFF-A5DA-1CF9E6FAE075}.Debug|ARM.Deploy.0 = Debug|ARM
		{93892F56-DE47-4FFF-A5DA-1CF9E6FAE075}.Debug|iPhone.ActiveCfg = Debug|x86
		{93892F56-DE47-4FFF-A5DA-1CF9E6FAE075}.Debug|iPhone.Build.0 = Debug|x86
		{93892F56-DE47-4FFF-A5DA-1CF9E6FAE075}.Debug|iPhone.Deploy.0 = Debug|x86
		{93892F56-DE47-4FFF-A5DA-1CF9E6FAE075}.Debug|iPhoneSimulator.ActiveCfg = Debug|x86
		{93892F56-DE47-4FFF-A5DA-1CF9E6FAE075}.Debug|iPhoneSimulator.Build.0 = Debug|x86
		{93892F56-DE47-4FFF-A5DA-1CF9E6FAE075}.Debug|iPhoneSimulator.Deploy.0 = Debug|x86
		{93892F56-DE47-4FFF-A5DA-1CF9E6FAE075}.Debug|x64.ActiveCfg = Debug|x64
		{93892F56-DE47-4FFF-A5DA-1CF9E6FAE075}.Debug|x64.Build.0 = Debug|x64
		{93892F56-DE47-4FFF-A5DA-1CF9E6FAE075}.Debug|x64.Deploy.0 = Debug|x64
		{93892F56-DE47-4FFF-A5DA-1CF9E6FAE075}.Debug|x86.ActiveCfg = Debug|x86
		{93892F56-DE47-4FFF-A5DA-1CF9E6FAE075}.Debug|x86.Build.0 = Debug|x86
		{93892F56-DE47-4FFF-A5DA-1CF9E6FAE075}.Debug|x86.Deploy.0 = Debug|x86
		{93892F56-DE47-4FFF-A5DA-1CF9E6FAE075}.Release|Any CPU.ActiveCfg = Release|x86
		{93892F56-DE47-4FFF-A5DA-1CF9E6FAE075}.Release|Any CPU.Build.0 = Release|x86
		{93892F56-DE47-4FFF-A5DA-1CF9E6FAE075}.Release|Any CPU.Deploy.0 = Release|x86
		{93892F56-DE47-4FFF-A5DA-1CF9E6FAE075}.Release|ARM.ActiveCfg = Release|ARM
		{93892F56-DE47-4FFF-A5DA-1CF9E6FAE075}.Release|ARM.Build.0 = Release|ARM
		{93892F56-DE47-4FFF-A5DA-1CF9E6FAE075}.Release|ARM.Deploy.0 = Release|ARM
		{93892F56-DE47-4FFF-A5DA-1CF9E6FAE075}.Release|iPhone.ActiveCfg = Release|x86
		{93892F56-DE47-4FFF-A5DA-1CF9E6FAE075}.Release|iPhone.Build.0 = Release|x86
		{93892F56-DE47-4FFF-A5DA-1CF9E6FAE075}.Release|iPhone.Deploy.0 = Release|x86
		{93892F56-DE47-4FFF-A5DA-1CF9E6FAE075}.Release|iPhoneSimulator.ActiveCfg = Release|x86
		{93892F56-DE47-4FFF-A5DA-1CF9E6FAE075}.Release|iPhoneSimulator.Build.0 = Release|x86
		{93892F56-DE47-4FFF-A5DA-1CF9E6FAE075}.Release|iPhoneSimulator.Deploy.0 = Release|x86
		{93892F56-DE47-4FFF-A5DA-1CF9E6FAE075}.Release|x64.ActiveCfg = Release|x64
		{93892F56-DE47-4FFF-A5DA-1CF9E6FAE075}.Release|x64.Build.0 = Release|x64
		{93892F56-DE47-4FFF-A5DA-1CF9E6FAE075}.Release|x64.Deploy.0 = Release|x64
		{93892F56-DE47-4FFF-A5DA-1CF9E6FAE075}.Release|x86.ActiveCfg = Release|x86
		{93892F56-DE47-4FFF-A5DA-1CF9E6FAE075}.Release|x86.Build.0 = Release|x86
		{93892F56-DE47-4FFF-A5DA-1CF9E6FAE075}.Release|x86.Deploy.0 = Release|x86
		{FA367C3B-9034-4E72-B300-1709CA047A24}.Debug|Any CPU.ActiveCfg = Debug|Any CPU
		{FA367C3B-9034-4E72-B300-1709CA047A24}.Debug|Any CPU.Build.0 = Debug|Any CPU
		{FA367C3B-9034-4E72-B300-1709CA047A24}.Debug|Any CPU.Deploy.0 = Debug|Any CPU
		{FA367C3B-9034-4E72-B300-1709CA047A24}.Debug|ARM.ActiveCfg = Debug|Any CPU
		{FA367C3B-9034-4E72-B300-1709CA047A24}.Debug|ARM.Build.0 = Debug|Any CPU
		{FA367C3B-9034-4E72-B300-1709CA047A24}.Debug|ARM.Deploy.0 = Debug|Any CPU
		{FA367C3B-9034-4E72-B300-1709CA047A24}.Debug|iPhone.ActiveCfg = Debug|Any CPU
		{FA367C3B-9034-4E72-B300-1709CA047A24}.Debug|iPhone.Build.0 = Debug|Any CPU
		{FA367C3B-9034-4E72-B300-1709CA047A24}.Debug|iPhone.Deploy.0 = Debug|Any CPU
		{FA367C3B-9034-4E72-B300-1709CA047A24}.Debug|iPhoneSimulator.ActiveCfg = Debug|Any CPU
		{FA367C3B-9034-4E72-B300-1709CA047A24}.Debug|iPhoneSimulator.Build.0 = Debug|Any CPU
		{FA367C3B-9034-4E72-B300-1709CA047A24}.Debug|iPhoneSimulator.Deploy.0 = Debug|Any CPU
		{FA367C3B-9034-4E72-B300-1709CA047A24}.Debug|x64.ActiveCfg = Debug|Any CPU
		{FA367C3B-9034-4E72-B300-1709CA047A24}.Debug|x64.Build.0 = Debug|Any CPU
		{FA367C3B-9034-4E72-B300-1709CA047A24}.Debug|x64.Deploy.0 = Debug|Any CPU
		{FA367C3B-9034-4E72-B300-1709CA047A24}.Debug|x86.ActiveCfg = Debug|Any CPU
		{FA367C3B-9034-4E72-B300-1709CA047A24}.Debug|x86.Build.0 = Debug|Any CPU
		{FA367C3B-9034-4E72-B300-1709CA047A24}.Debug|x86.Deploy.0 = Debug|Any CPU
		{FA367C3B-9034-4E72-B300-1709CA047A24}.Release|Any CPU.ActiveCfg = Release|Any CPU
		{FA367C3B-9034-4E72-B300-1709CA047A24}.Release|Any CPU.Build.0 = Release|Any CPU
		{FA367C3B-9034-4E72-B300-1709CA047A24}.Release|Any CPU.Deploy.0 = Release|Any CPU
		{FA367C3B-9034-4E72-B300-1709CA047A24}.Release|ARM.ActiveCfg = Release|Any CPU
		{FA367C3B-9034-4E72-B300-1709CA047A24}.Release|ARM.Build.0 = Release|Any CPU
		{FA367C3B-9034-4E72-B300-1709CA047A24}.Release|ARM.Deploy.0 = Release|Any CPU
		{FA367C3B-9034-4E72-B300-1709CA047A24}.Release|iPhone.ActiveCfg = Release|Any CPU
		{FA367C3B-9034-4E72-B300-1709CA047A24}.Release|iPhone.Build.0 = Release|Any CPU
		{FA367C3B-9034-4E72-B300-1709CA047A24}.Release|iPhone.Deploy.0 = Release|Any CPU
		{FA367C3B-9034-4E72-B300-1709CA047A24}.Release|iPhoneSimulator.ActiveCfg = Release|Any CPU
		{FA367C3B-9034-4E72-B300-1709CA047A24}.Release|iPhoneSimulator.Build.0 = Release|Any CPU
		{FA367C3B-9034-4E72-B300-1709CA047A24}.Release|iPhoneSimulator.Deploy.0 = Release|Any CPU
		{FA367C3B-9034-4E72-B300-1709CA047A24}.Release|x64.ActiveCfg = Release|Any CPU
		{FA367C3B-9034-4E72-B300-1709CA047A24}.Release|x64.Build.0 = Release|Any CPU
		{FA367C3B-9034-4E72-B300-1709CA047A24}.Release|x64.Deploy.0 = Release|Any CPU
		{FA367C3B-9034-4E72-B300-1709CA047A24}.Release|x86.ActiveCfg = Release|Any CPU
		{FA367C3B-9034-4E72-B300-1709CA047A24}.Release|x86.Build.0 = Release|Any CPU
		{FA367C3B-9034-4E72-B300-1709CA047A24}.Release|x86.Deploy.0 = Release|Any CPU
		{FA83DB64-B758-4D9C-9F2C-978E435EF56A}.Debug|Any CPU.ActiveCfg = Debug|iPhone
		{FA83DB64-B758-4D9C-9F2C-978E435EF56A}.Debug|Any CPU.Build.0 = Debug|iPhone
		{FA83DB64-B758-4D9C-9F2C-978E435EF56A}.Debug|Any CPU.Deploy.0 = Debug|iPhone
		{FA83DB64-B758-4D9C-9F2C-978E435EF56A}.Debug|ARM.ActiveCfg = Debug|iPhoneSimulator
		{FA83DB64-B758-4D9C-9F2C-978E435EF56A}.Debug|ARM.Build.0 = Debug|iPhoneSimulator
		{FA83DB64-B758-4D9C-9F2C-978E435EF56A}.Debug|ARM.Deploy.0 = Debug|iPhoneSimulator
		{FA83DB64-B758-4D9C-9F2C-978E435EF56A}.Debug|iPhone.ActiveCfg = Debug|iPhone
		{FA83DB64-B758-4D9C-9F2C-978E435EF56A}.Debug|iPhone.Build.0 = Debug|iPhone
		{FA83DB64-B758-4D9C-9F2C-978E435EF56A}.Debug|iPhone.Deploy.0 = Debug|iPhone
		{FA83DB64-B758-4D9C-9F2C-978E435EF56A}.Debug|iPhoneSimulator.ActiveCfg = Debug|iPhoneSimulator
		{FA83DB64-B758-4D9C-9F2C-978E435EF56A}.Debug|iPhoneSimulator.Build.0 = Debug|iPhoneSimulator
		{FA83DB64-B758-4D9C-9F2C-978E435EF56A}.Debug|iPhoneSimulator.Deploy.0 = Debug|iPhoneSimulator
		{FA83DB64-B758-4D9C-9F2C-978E435EF56A}.Debug|x64.ActiveCfg = Debug|iPhone
		{FA83DB64-B758-4D9C-9F2C-978E435EF56A}.Debug|x64.Build.0 = Debug|iPhone
		{FA83DB64-B758-4D9C-9F2C-978E435EF56A}.Debug|x64.Deploy.0 = Debug|iPhone
		{FA83DB64-B758-4D9C-9F2C-978E435EF56A}.Debug|x86.ActiveCfg = Debug|iPhone
		{FA83DB64-B758-4D9C-9F2C-978E435EF56A}.Debug|x86.Build.0 = Debug|iPhone
		{FA83DB64-B758-4D9C-9F2C-978E435EF56A}.Debug|x86.Deploy.0 = Debug|iPhone
		{FA83DB64-B758-4D9C-9F2C-978E435EF56A}.Release|Any CPU.ActiveCfg = Release|iPhone
		{FA83DB64-B758-4D9C-9F2C-978E435EF56A}.Release|Any CPU.Build.0 = Release|iPhone
		{FA83DB64-B758-4D9C-9F2C-978E435EF56A}.Release|Any CPU.Deploy.0 = Release|iPhone
		{FA83DB64-B758-4D9C-9F2C-978E435EF56A}.Release|ARM.ActiveCfg = Release|iPhone
		{FA83DB64-B758-4D9C-9F2C-978E435EF56A}.Release|ARM.Build.0 = Release|iPhone
		{FA83DB64-B758-4D9C-9F2C-978E435EF56A}.Release|ARM.Deploy.0 = Release|iPhone
		{FA83DB64-B758-4D9C-9F2C-978E435EF56A}.Release|iPhone.ActiveCfg = Release|iPhone
		{FA83DB64-B758-4D9C-9F2C-978E435EF56A}.Release|iPhone.Build.0 = Release|iPhone
		{FA83DB64-B758-4D9C-9F2C-978E435EF56A}.Release|iPhone.Deploy.0 = Release|iPhone
		{FA83DB64-B758-4D9C-9F2C-978E435EF56A}.Release|iPhoneSimulator.ActiveCfg = Release|iPhoneSimulator
		{FA83DB64-B758-4D9C-9F2C-978E435EF56A}.Release|iPhoneSimulator.Build.0 = Release|iPhoneSimulator
		{FA83DB64-B758-4D9C-9F2C-978E435EF56A}.Release|iPhoneSimulator.Deploy.0 = Release|iPhoneSimulator
		{FA83DB64-B758-4D9C-9F2C-978E435EF56A}.Release|x64.ActiveCfg = Release|iPhone
		{FA83DB64-B758-4D9C-9F2C-978E435EF56A}.Release|x64.Build.0 = Release|iPhone
		{FA83DB64-B758-4D9C-9F2C-978E435EF56A}.Release|x64.Deploy.0 = Release|iPhone
		{FA83DB64-B758-4D9C-9F2C-978E435EF56A}.Release|x86.ActiveCfg = Release|iPhone
		{FA83DB64-B758-4D9C-9F2C-978E435EF56A}.Release|x86.Build.0 = Release|iPhone
		{FA83DB64-B758-4D9C-9F2C-978E435EF56A}.Release|x86.Deploy.0 = Release|iPhone
		{B3F38506-0CB6-4681-B5E4-C358A34A3BB2}.Debug|Any CPU.ActiveCfg = Debug|Any CPU
		{B3F38506-0CB6-4681-B5E4-C358A34A3BB2}.Debug|Any CPU.Build.0 = Debug|Any CPU
		{B3F38506-0CB6-4681-B5E4-C358A34A3BB2}.Debug|Any CPU.Deploy.0 = Debug|Any CPU
		{B3F38506-0CB6-4681-B5E4-C358A34A3BB2}.Debug|ARM.ActiveCfg = Debug|Any CPU
		{B3F38506-0CB6-4681-B5E4-C358A34A3BB2}.Debug|ARM.Build.0 = Debug|Any CPU
		{B3F38506-0CB6-4681-B5E4-C358A34A3BB2}.Debug|ARM.Deploy.0 = Debug|Any CPU
		{B3F38506-0CB6-4681-B5E4-C358A34A3BB2}.Debug|iPhone.ActiveCfg = Debug|Any CPU
		{B3F38506-0CB6-4681-B5E4-C358A34A3BB2}.Debug|iPhone.Build.0 = Debug|Any CPU
		{B3F38506-0CB6-4681-B5E4-C358A34A3BB2}.Debug|iPhone.Deploy.0 = Debug|Any CPU
		{B3F38506-0CB6-4681-B5E4-C358A34A3BB2}.Debug|iPhoneSimulator.ActiveCfg = Debug|Any CPU
		{B3F38506-0CB6-4681-B5E4-C358A34A3BB2}.Debug|iPhoneSimulator.Build.0 = Debug|Any CPU
		{B3F38506-0CB6-4681-B5E4-C358A34A3BB2}.Debug|iPhoneSimulator.Deploy.0 = Debug|Any CPU
		{B3F38506-0CB6-4681-B5E4-C358A34A3BB2}.Debug|x64.ActiveCfg = Debug|Any CPU
		{B3F38506-0CB6-4681-B5E4-C358A34A3BB2}.Debug|x64.Build.0 = Debug|Any CPU
		{B3F38506-0CB6-4681-B5E4-C358A34A3BB2}.Debug|x64.Deploy.0 = Debug|Any CPU
		{B3F38506-0CB6-4681-B5E4-C358A34A3BB2}.Debug|x86.ActiveCfg = Debug|Any CPU
		{B3F38506-0CB6-4681-B5E4-C358A34A3BB2}.Debug|x86.Build.0 = Debug|Any CPU
		{B3F38506-0CB6-4681-B5E4-C358A34A3BB2}.Debug|x86.Deploy.0 = Debug|Any CPU
		{B3F38506-0CB6-4681-B5E4-C358A34A3BB2}.Release|Any CPU.ActiveCfg = Release|Any CPU
		{B3F38506-0CB6-4681-B5E4-C358A34A3BB2}.Release|Any CPU.Build.0 = Release|Any CPU
		{B3F38506-0CB6-4681-B5E4-C358A34A3BB2}.Release|Any CPU.Deploy.0 = Release|Any CPU
		{B3F38506-0CB6-4681-B5E4-C358A34A3BB2}.Release|ARM.ActiveCfg = Release|Any CPU
		{B3F38506-0CB6-4681-B5E4-C358A34A3BB2}.Release|ARM.Build.0 = Release|Any CPU
		{B3F38506-0CB6-4681-B5E4-C358A34A3BB2}.Release|ARM.Deploy.0 = Release|Any CPU
		{B3F38506-0CB6-4681-B5E4-C358A34A3BB2}.Release|iPhone.ActiveCfg = Release|Any CPU
		{B3F38506-0CB6-4681-B5E4-C358A34A3BB2}.Release|iPhone.Build.0 = Release|Any CPU
		{B3F38506-0CB6-4681-B5E4-C358A34A3BB2}.Release|iPhone.Deploy.0 = Release|Any CPU
		{B3F38506-0CB6-4681-B5E4-C358A34A3BB2}.Release|iPhoneSimulator.ActiveCfg = Release|Any CPU
		{B3F38506-0CB6-4681-B5E4-C358A34A3BB2}.Release|iPhoneSimulator.Build.0 = Release|Any CPU
		{B3F38506-0CB6-4681-B5E4-C358A34A3BB2}.Release|iPhoneSimulator.Deploy.0 = Release|Any CPU
		{B3F38506-0CB6-4681-B5E4-C358A34A3BB2}.Release|x64.ActiveCfg = Release|Any CPU
		{B3F38506-0CB6-4681-B5E4-C358A34A3BB2}.Release|x64.Build.0 = Release|Any CPU
		{B3F38506-0CB6-4681-B5E4-C358A34A3BB2}.Release|x64.Deploy.0 = Release|Any CPU
		{B3F38506-0CB6-4681-B5E4-C358A34A3BB2}.Release|x86.ActiveCfg = Release|Any CPU
		{B3F38506-0CB6-4681-B5E4-C358A34A3BB2}.Release|x86.Build.0 = Release|Any CPU
		{B3F38506-0CB6-4681-B5E4-C358A34A3BB2}.Release|x86.Deploy.0 = Release|Any CPU
	EndGlobalSection
	GlobalSection(SolutionProperties) = preSolution
		HideSolutionNode = FALSE
	EndGlobalSection
	GlobalSection(ExtensibilityGlobals) = postSolution
		SolutionGuid = {602D5EB4-74AB-4344-9377-62B98C44E0E2}
	EndGlobalSection
EndGlobal
